version: 7
platforms:
- name: linux-64
  virtual-packages:
  - __unix=0=0
  - __linux=4.18
  - __glibc=2.28
  - __archspec=0=x86_64
environments:
  default:
    channels:
    - url: https://conda.anaconda.org/conda-forge/
    packages:
      linux-64:
      - conda: https://conda.anaconda.org/conda-forge/linux-64/_openmp_mutex-4.5-20_gnu.conda
      - conda: https://conda.anaconda.org/conda-forge/linux-64/bzip2-1.0.8-hda65f42_10.conda
      - conda: https://conda.anaconda.org/conda-forge/linux-64/c-ares-1.34.8-hebe6cf0_2.conda
      - conda: https://conda.anaconda.org/conda-forge/linux-64/cairo-1.18.6-h3c89d7e_0.conda
      - conda: https://conda.anaconda.org/conda-forge/linux-64/curl-8.22.0-ha042cf0_0.conda
      - conda: https://conda.anaconda.org/conda-forge/linux-64/fontconfig-2.18.3-h4db4eae_1.conda
      - conda: https://conda.anaconda.org/conda-forge/linux-64/fribidi-1.0.17-h7cc23a3_0.conda
      - conda: https://conda.anaconda.org/conda-forge/linux-64/gdk-pixbuf-2.44.8-h68053f1_2.conda
      - conda: https://conda.anaconda.org/conda-forge/linux-64/graphite2-1.3.15-h54a6638_1.conda
      - conda: https://conda.anaconda.org/conda-forge/linux-64/icu-78.3-py310h44b86e0_2.conda
      - conda: https://conda.anaconda.org/conda-forge/linux-64/inotify-tools-3.20.2-h516909a_0.tar.bz2
      - conda: https://conda.anaconda.org/conda-forge/linux-64/keyutils-1.6.3-h7cc23a3_1.conda
      - conda: https://conda.anaconda.org/conda-forge/linux-64/krb5-1.22.2-hbc21106_2.conda
      - conda: https://conda.anaconda.org/conda-forge/linux-64/ld_impl_linux-64-2.46.1-default_hbd61a6d_102.conda
      - conda: https://conda.anaconda.org/conda-forge/linux-64/lerc-4.2.0-hdb68285_0.conda
      - conda: https://conda.anaconda.org/conda-forge/linux-64/libcurl-8.22.0-ha042cf0_0.conda
      - conda: https://conda.anaconda.org/conda-forge/linux-64/libdeflate-1.25-hd45a770_1.conda
      - conda: https://conda.anaconda.org/conda-forge/linux-64/libedit-3.1.20260512-pl5321h373387f_0.conda
      - conda: https://conda.anaconda.org/conda-forge/linux-64/libev-4.33-h280c20c_3.conda
      - conda: https://conda.anaconda.org/conda-forge/linux-64/libexpat-2.8.5-hd2095e1_0.conda
      - conda: https://conda.anaconda.org/conda-forge/linux-64/libffi-3.7.0-h81df57d_1.conda
      - conda: https://conda.anaconda.org/conda-forge/linux-64/libfreetype-2.14.3-ha770c72_2.conda
      - conda: https://conda.anaconda.org/conda-forge/linux-64/libfreetype6-2.14.3-h5e6c136_2.conda
      - conda: https://conda.anaconda.org/conda-forge/linux-64/libgcc-16.2.0-ha9f2e26_7.conda
      - conda: https://conda.anaconda.org/conda-forge/linux-64/libgcc-ng-16.2.0-h69a702a_7.conda
      - conda: https://conda.anaconda.org/conda-forge/linux-64/libglib-2.90.0-h569388d_0.conda
      - conda: https://conda.anaconda.org/conda-forge/linux-64/libgomp-16.2.0-he0feb66_7.conda
      - conda: https://conda.anaconda.org/conda-forge/linux-64/libharfbuzz-14.6.0-h23af247_1.conda
      - conda: https://conda.anaconda.org/conda-forge/linux-64/libiconv-1.18-h0cb94f2_3.conda
      - conda: https://conda.anaconda.org/conda-forge/linux-64/libjpeg-turbo-3.2.0-hb03c661_1.conda
      - conda: https://conda.anaconda.org/conda-forge/linux-64/liblzma-5.8.3-hb03c661_1.conda
      - conda: https://conda.anaconda.org/conda-forge/linux-64/libmpdec-4.0.0-hb03c661_2.conda
      - conda: https://conda.anaconda.org/conda-forge/linux-64/libnghttp2-1.68.1-h74cf4be_1.conda
      - conda: https://conda.anaconda.org/conda-forge/linux-64/libpng-1.6.59-h922cc85_0.conda
      - conda: https://conda.anaconda.org/conda-forge/linux-64/libpsl-0.23.1-hd9e3e90_1.conda
      - conda: https://conda.anaconda.org/conda-forge/linux-64/libpython-3.13.16-hdc7f604_101_cp313.conda
      - conda: https://conda.anaconda.org/conda-forge/linux-64/librsvg-2.62.4-ha427ee3_0.conda
      - conda: https://conda.anaconda.org/conda-forge/linux-64/libsqlite-3.53.4-h0737f62_102.conda
      - conda: https://conda.anaconda.org/conda-forge/linux-64/libssh2-1.11.1-h6154650_1.conda
      - conda: https://conda.anaconda.org/conda-forge/linux-64/libstdcxx-16.2.0-h934c35e_7.conda
      - conda: https://conda.anaconda.org/conda-forge/linux-64/libtiff-4.7.2-hcc2c06a_1.conda
      - conda: https://conda.anaconda.org/conda-forge/linux-64/libuuid-2.42.4-hcfc3c73_0.conda
      - conda: https://conda.anaconda.org/conda-forge/linux-64/libwebp-base-1.6.0-hd42ef1d_1.conda
      - conda: https://conda.anaconda.org/conda-forge/linux-64/libxcb-1.17.0-hb83e432_2.conda
      - conda: https://conda.anaconda.org/conda-forge/linux-64/libxcrypt-4.4.38-h280c20c_0.conda
      - conda: https://conda.anaconda.org/conda-forge/linux-64/libxml2-16-2.15.4-hf3af7cc_0.conda
      - conda: https://conda.anaconda.org/conda-forge/linux-64/libzlib-1.3.2-h25fd6f3_3.conda
      - conda: https://conda.anaconda.org/conda-forge/linux-64/make-4.4.1-hb03c661_3.conda
      - conda: https://conda.anaconda.org/conda-forge/linux-64/ncurses-6.6-hdb14827_1.conda
      - conda: https://conda.anaconda.org/conda-forge/linux-64/openssl-3.6.5-h781a0a9_0.conda
      - conda: https://conda.anaconda.org/conda-forge/linux-64/pango-1.58.2-h7bb47b9_1.conda
      - conda: https://conda.anaconda.org/conda-forge/linux-64/pcre2-10.47-h8b3dc9c_1.conda
      - conda: https://conda.anaconda.org/conda-forge/linux-64/perl-5.44.0-1_h7cc23a3_perl5.conda
      - conda: https://conda.anaconda.org/conda-forge/linux-64/pixman-0.46.4-h54a6638_3.conda
      - conda: https://conda.anaconda.org/conda-forge/linux-64/pthread-stubs-0.4-h7cc23a3_1004.conda
      - conda: https://conda.anaconda.org/conda-forge/linux-64/python-3.13.16-hf47f18c_101_cp313.conda
      - conda: https://conda.anaconda.org/conda-forge/linux-64/readline-8.3-hd6e31c0_1.conda
      - conda: https://conda.anaconda.org/conda-forge/linux-64/tk-8.6.13-noxft_h1df4ec4_4.conda
      - conda: https://conda.anaconda.org/conda-forge/linux-64/xorg-libice-1.1.2-h280c20c_0.conda
      - conda: https://conda.anaconda.org/conda-forge/linux-64/xorg-libsm-1.2.6-h0d788c3_1.conda
      - conda: https://conda.anaconda.org/conda-forge/linux-64/xorg-libx11-1.8.13-he1eb515_1.conda
      - conda: https://conda.anaconda.org/conda-forge/linux-64/xorg-libxau-1.0.12-h7cc23a3_2.conda
      - conda: https://conda.anaconda.org/conda-forge/linux-64/xorg-libxdmcp-1.1.5-h7cc23a3_2.conda
      - conda: https://conda.anaconda.org/conda-forge/linux-64/xorg-libxext-1.3.7-h7cc23a3_1.conda
      - conda: https://conda.anaconda.org/conda-forge/linux-64/xorg-libxrender-0.9.12-hb03c661_1.conda
      - conda: https://conda.anaconda.org/conda-forge/linux-64/zstd-1.5.7-hb78ec9c_7.conda
      - conda: https://conda.anaconda.org/conda-forge/noarch/ca-certificates-2026.7.22-hbd8a1cb_0.conda
      - conda: https://conda.anaconda.org/conda-forge/noarch/font-ttf-dejavu-2.37-hd8ed1ab_1.tar.bz2
      - conda: https://conda.anaconda.org/conda-forge/noarch/font-ttf-dejavu-sans-mono-2.37-hab24e00_0.tar.bz2
      - conda: https://conda.anaconda.org/conda-forge/noarch/font-ttf-inconsolata-3.000-h77eed37_0.tar.bz2
      - conda: https://conda.anaconda.org/conda-forge/noarch/font-ttf-source-code-pro-2.038-h77eed37_0.tar.bz2
      - conda: https://conda.anaconda.org/conda-forge/noarch/font-ttf-ubuntu-0.83-h77eed37_3.conda
      - conda: https://conda.anaconda.org/conda-forge/noarch/fonts-conda-ecosystem-1-0.tar.bz2
      - conda: https://conda.anaconda.org/conda-forge/noarch/fonts-conda-forge-1-hc364b38_1.conda
      - conda: https://conda.anaconda.org/conda-forge/noarch/pygments-2.21.0-pyhcf101f3_0.conda
      - conda: https://conda.anaconda.org/conda-forge/noarch/pylatexenc-2.11-pyhd8ed1ab_0.conda
      - conda: https://conda.anaconda.org/conda-forge/noarch/python_abi-3.13-9_cp313.conda
      - conda: https://conda.anaconda.org/conda-forge/noarch/tzdata-2026c-h151e31d_0.conda
packages:
- conda: https://conda.anaconda.org/conda-forge/linux-64/_openmp_mutex-4.5-20_gnu.conda
  build_number: 20
  sha256: 1dd3fffd892081df9726d7eb7e0dea6198962ba775bd88842135a4ddb4deb3c9
  md5: a9f577daf3de00bca7c3c76c0ecbd1de
  depends:
  - __glibc >=2.17,<3.0.a0
  - libgomp >=7.5.0
  constrains:
  - openmp_impl <0.0a0
  license: BSD-3-Clause
  license_family: BSD
  run_exports:
    strong:
    - _openmp_mutex >=4.5
  size: 28948
  timestamp: 1770939786096
- conda: https://conda.anaconda.org/conda-forge/linux-64/bzip2-1.0.8-hda65f42_10.conda
  sha256: 1a0d382c515ebf55f8ee1f38c8b81bc95af5c2acc42ad53b66bc5df932032f96
  md5: e675fabcf81499adc7edf58124fb1e01
  depends:
  - __glibc >=2.17,<3.0.a0
  - libgcc >=14
  license: bzip2-1.0.6
  license_family: BSD
  run_exports:
    weak:
    - bzip2 >=1.0.8,<2.0a0
  size: 257808
  timestamp: 1785906269155
- conda: https://conda.anaconda.org/conda-forge/linux-64/c-ares-1.34.8-hebe6cf0_2.conda
  sha256: 9c37cc233238adf366ea75b0e845662a5be07ceadf62e458183516369340274b
  md5: 3ad2b403be8fc5612b9159e2ce621f69
  depends:
  - libgcc >=15
  - __glibc >=2.17,<3.0.a0
  license: MIT
  license_family: MIT
  run_exports:
    weak:
    - c-ares >=1.34.8,<2.0a0
  size: 228700
  timestamp: 1787169971173
- conda: https://conda.anaconda.org/conda-forge/linux-64/cairo-1.18.6-h3c89d7e_0.conda
  sha256: 5d0efc6f9981468aca72897460d9b2d17b74dff72787f20a9d2330e214064515
  md5: 7920701f9abcb488411495742cf365a7
  depends:
  - __glibc >=2.17,<3.0.a0
  - fontconfig >=2.18.3,<3.0a0
  - fonts-conda-ecosystem
  - icu >=78.3,<79.0a0
  - libexpat >=2.8.1,<3.0a0
  - libfreetype >=2.14.3
  - libfreetype6 >=2.14.3
  - libgcc >=15
  - libglib >=2.90.0,<3.0a0
  - libpng >=1.6.58,<1.7.0a0
  - libstdcxx >=15
  - libxcb >=1.17.0,<2.0a0
  - libzlib >=1.3.2,<2.0a0
  - pixman >=0.46.4,<1.0a0
  - xorg-libice >=1.1.2,<2.0a0
  - xorg-libsm >=1.2.6,<2.0a0
  - xorg-libx11 >=1.8.13,<2.0a0
  - xorg-libxext >=1.3.7,<2.0a0
  - xorg-libxrender >=0.9.12,<0.10.0a0
  license: LGPL-2.1-only or MPL-1.1
  run_exports:
    weak:
    - cairo >=1.18.6,<2.0a0
  size: 1007110
  timestamp: 1790045358757
- conda: https://conda.anaconda.org/conda-forge/linux-64/curl-8.22.0-ha042cf0_0.conda
  sha256: 1a35faf4bf079c4438c52c9795b95d6c97c1b60e0bb51802cf48e2b7352b57e5
  md5: 399a7c0b7ca511de34c5ee5762cee149
  depends:
  - __glibc >=2.17,<3.0.a0
  - krb5 >=1.22.2,<1.23.0a0
  - libcurl 8.22.0 ha042cf0_0
  - libgcc >=15
  - libpsl >=0.23.1,<0.24.0a0
  - libssh2 >=1.11.1,<2.0a0
  - libzlib >=1.3.2,<2.0a0
  - openssl >=3.5.8,<4.0a0
  - zstd >=1.5.7,<1.6.0a0
  license: curl
  license_family: MIT
  run_exports: {}
  size: 196563
  timestamp: 1788340726238
- conda: https://conda.anaconda.org/conda-forge/linux-64/fontconfig-2.18.3-h4db4eae_1.conda
  sha256: 5a3eb10b18a97223ab06b3a7f0d7f56658db2f2800e2f2af95836fe3bf55ba63
  md5: 922776b528a470ab5afa81fd42abfa1d
  depends:
  - __glibc >=2.17,<3.0.a0
  - libexpat >=2.8.1,<3.0a0
  - libfreetype >=2.14.3
  - libfreetype6 >=2.14.3
  - libgcc >=15
  - libuuid >=2.42.2,<3.0a0
  - libzlib >=1.3.2,<2.0a0
  license: MIT
  license_family: MIT
  run_exports:
    weak:
    - fontconfig >=2.18.3,<3.0a0
    - fonts-conda-ecosystem
  size: 296288
  timestamp: 1786667377340
- conda: https://conda.anaconda.org/conda-forge/linux-64/fribidi-1.0.17-h7cc23a3_0.conda
  sha256: 3ba79ebfbd14ca5db4affaf10ee8001064e907de5baabc2dbe5bcd9aec856c9f
  md5: f9d5302bca196ee87e62f393f2626562
  depends:
  - __glibc >=2.17,<3.0.a0
  - libgcc >=15
  license: LGPL-2.1-or-later
  run_exports:
    weak:
    - fribidi >=1.0.17,<2.0a0
  size: 64102
  timestamp: 1790011855888
- conda: https://conda.anaconda.org/conda-forge/linux-64/gdk-pixbuf-2.44.8-h68053f1_2.conda
  sha256: 32f3ebd1871cb6ac7eac36c78c410860f38e8d252d5857a80f6abfcb79c7e0ff
  md5: d7bd6ccfc58eb6796bd6bba85878fc0e
  depends:
  - __glibc >=2.17,<3.0.a0
  - libgcc >=15
  - libglib >=2.88.3,<3.0a0
  - libjpeg-turbo >=3.2.0,<4.0a0
  - liblzma >=5.8.3,<6.0a0
  - libpng >=1.6.58,<1.7.0a0
  - libtiff >=4.7.2,<4.8.0a0
  license: LGPL-2.1-or-later
  license_family: LGPL
  run_exports:
    weak:
    - gdk-pixbuf >=2.44.8,<3.0a0
  size: 581961
  timestamp: 1788490424411
- conda: https://conda.anaconda.org/conda-forge/linux-64/graphite2-1.3.15-h54a6638_1.conda
  sha256: 7fa3b6a9c081fa3e545573152a788d061a0a0ba57df7251cc0f4f75225fc93e7
  md5: f9fe2984587fa8235a6af6004760cd18
  depends:
  - __glibc >=2.17,<3.0.a0
  - libstdcxx >=14
  - libgcc >=14
  license: LGPL-2.0-or-later
  license_family: LGPL
  run_exports:
    weak:
    - graphite2 >=1.3.15,<2.0a0
  size: 102835
  timestamp: 1786118485753
- conda: https://conda.anaconda.org/conda-forge/linux-64/icu-78.3-py310h44b86e0_2.conda
  sha256: 9f07834f0c546ab14d885ce0366285f61f44e326c0edd1fc63b8294e113ae432
  md5: 72a381cbad04f24b1c2a43ef707f45b4
  depends:
  - __glibc >=2.17,<3.0.a0
  - libstdcxx >=14
  - libgcc >=14
  license: MIT
  license_family: MIT
  run_exports:
    weak:
    - icu >=78.3,<79.0a0
  size: 14459115
  timestamp: 1786545741408
- conda: https://conda.anaconda.org/conda-forge/linux-64/inotify-tools-3.20.2-h516909a_0.tar.bz2
  sha256: d37b4cf1a3c7a3281f1460c22f9b002132029b197b044c55c4ea68b10f75c433
  md5: 5a8fa5e66f74627339daa43a72f89fef
  depends:
  - libgcc-ng >=7.3.0
  license: GPL-2.0
  license_family: GPL
  run_exports: {}
  size: 63029
  timestamp: 1580805938744
- conda: https://conda.anaconda.org/conda-forge/linux-64/keyutils-1.6.3-h7cc23a3_1.conda
  sha256: dd053c96dcb0dcfd59422aefea9d2fe937a190167f34fba7893ec1e10a7e8963
  md5: ba55d1b89fd7775e67de8291029b4059
  depends:
  - __glibc >=2.17,<3.0.a0
  - libgcc >=15
  license: LGPL-2.1-or-later
  run_exports:
    weak:
    - keyutils >=1.6.3,<2.0a0
  size: 135295
  timestamp: 1786739238128
- conda: https://conda.anaconda.org/conda-forge/linux-64/krb5-1.22.2-hbc21106_2.conda
  sha256: 2a5c38c85e63df84c4e69ee71439841ce570d259ae3060627bb9a49a938d66f4
  md5: 53318d715316929a574f83591308b1f8
  depends:
  - __glibc >=2.17,<3.0.a0
  - keyutils >=1.6.3,<2.0a0
  - libedit >=3.1.20250104,<3.2.0a0
  - libedit >=3.1.20250104,<4.0a0
  - libgcc >=15
  - libstdcxx >=15
  - openssl >=3.5.7,<4.0a0
  license: MIT
  license_family: MIT
  run_exports:
    weak:
    - krb5 >=1.22.2,<1.23.0a0
  size: 1394333
  timestamp: 1786762112514
- conda: https://conda.anaconda.org/conda-forge/linux-64/ld_impl_linux-64-2.46.1-default_hbd61a6d_102.conda
  sha256: 27d83f1188cd19bcb7754a078b3fa7f4cfb8527f8eb2fde54dd01fc529d1adec
  md5: 449500f2c089da11c40f5c21312e3e07
  depends:
  - __glibc >=2.17,<3.0.a0
  - zstd >=1.5.7,<1.6.0a0
  constrains:
  - binutils_impl_linux-64 2.46.1
  license: GPL-3.0-only
  license_family: GPL
  run_exports: {}
  size: 745303
  timestamp: 1784214507189
- conda: https://conda.anaconda.org/conda-forge/linux-64/lerc-4.2.0-hdb68285_0.conda
  sha256: bf9fdebf55d8bc99d83531cdffda00703f4dc5f93a1a956768c147362c72feda
  md5: fb9d356b1a57d6d54768be7ebd5fce09
  depends:
  - __glibc >=2.17,<3.0.a0
  - libgcc >=14
  - libstdcxx >=14
  license: Apache-2.0
  license_family: Apache
  run_exports:
    weak:
    - lerc >=4.2.0,<5.0a0
  size: 271158
  timestamp: 1785036167977
- conda: https://conda.anaconda.org/conda-forge/linux-64/libcurl-8.22.0-ha042cf0_0.conda
  sha256: 483b7eb97f56fbb3a9cb7190d33012dfa0a5aaed99ede61465563cd97dd82504
  md5: e617deee7af8eb0c04f6296d12b54157
  depends:
  - __glibc >=2.17,<3.0.a0
  - krb5 >=1.22.2,<1.23.0a0
  - libgcc >=15
  - libnghttp2 >=1.68.1,<2.0a0
  - libpsl >=0.23.1,<0.24.0a0
  - libssh2 >=1.11.1,<2.0a0
  - libzlib >=1.3.2,<2.0a0
  - openssl >=3.5.8,<4.0a0
  - zstd >=1.5.7,<1.6.0a0
  license: curl
  license_family: MIT
  run_exports:
    weak:
    - libcurl >=8.22.0,<9.0a0
  size: 499651
  timestamp: 1788340719230
- conda: https://conda.anaconda.org/conda-forge/linux-64/libdeflate-1.25-hd45a770_1.conda
  sha256: 82e134c8a08b1eed9a2ed8ab578b89aa1730dcde3dea8dd87645ed0637878e54
  md5: 40f9b31aa9cf007789867df0decd0492
  depends:
  - __glibc >=2.17,<3.0.a0
  - libgcc >=14
  license: MIT
  license_family: MIT
  run_exports:
    weak:
    - libdeflate >=1.25,<1.26.0a0
  size: 73710
  timestamp: 1785908694612
- conda: https://conda.anaconda.org/conda-forge/linux-64/libedit-3.1.20260512-pl5321h373387f_0.conda
  sha256: 45301f14f4eb66da57cfaf2d265f3eeee73f8b07e99614ee3afc5b26eea91126
  md5: 27dbd7e2984b8fe48e069379636ccfdd
  depends:
  - ncurses
  - __glibc >=2.17,<3.0.a0
  - libgcc >=14
  - ncurses >=6.6,<7.0a0
  license: BSD-2-Clause
  run_exports:
    weak:
    - libedit >=3.1.20260512,<3.2.0a0
  size: 135877
  timestamp: 1791327370514
- conda: https://conda.anaconda.org/conda-forge/linux-64/libev-4.33-h280c20c_3.conda
  sha256: e4418f68d01a6307c4431b585c71b584f40189877364e542ee87deb777f5e85b
  md5: 7bc31538d6e3fb349e897353969237ec
  depends:
  - libgcc >=14
  - __glibc >=2.17,<3.0.a0
  license: BSD-2-Clause OR GPL-2.0-or-later
  license_family: GPL
  run_exports:
    weak:
    - libev >=4.33,<4.34.0a0
  size: 43220
  timestamp: 1785917328200
- conda: https://conda.anaconda.org/conda-forge/linux-64/libexpat-2.8.5-hd2095e1_0.conda
  sha256: 6de73033a7c5f712c9c5a54124e4581e025691029835e5bceaf10a333a7e7bc0
  md5: 72cfd2b95b0540247220b42f58a148d7
  depends:
  - __glibc >=2.17,<3.0.a0
  - libgcc >=15
  constrains:
  - expat 2.8.5.*
  license: MIT
  license_family: MIT
  run_exports: {}
  size: 77893
  timestamp: 1790346247149
- conda: https://conda.anaconda.org/conda-forge/linux-64/libffi-3.7.0-h81df57d_1.conda
  sha256: c8c7583ef063bc3c430f1d48298e5ad24f796a35c22ed5b14183325825a61106
  md5: 6525a0b06aa4fd390795f0740636a9dd
  depends:
  - __glibc >=2.17,<3.0.a0
  - libgcc >=15
  license: MIT
  license_family: MIT
  run_exports:
    weak:
    - libffi >=3.7.0,<3.8.0a0
  size: 68004
  timestamp: 1787753412298
- conda: https://conda.anaconda.org/conda-forge/linux-64/libfreetype-2.14.3-ha770c72_2.conda
  sha256: fb12ecb46c30d18d928c0e8fc346ab13b5f6fc8a9cacae4f2f4bb188782586f5
  md5: f8054e759d0ddddaf34a5c8fedc900a1
  depends:
  - libfreetype6 >=2.14.3
  license: GPL-2.0-only OR FTL
  run_exports: {}
  size: 8407
  timestamp: 1786641007099
- conda: https://conda.anaconda.org/conda-forge/linux-64/libfreetype6-2.14.3-h5e6c136_2.conda
  sha256: ec607dd5445dd17ff6bf8b7fe6832e5504c226dd91d3aaea7ba83569808b0ce4
  md5: b72a266a9317036fd0464cb98b027cd0
  depends:
  - __glibc >=2.17,<3.0.a0
  - libgcc >=15
  - libpng >=1.6.58,<1.7.0a0
  - libzlib >=1.3.2,<2.0a0
  constrains:
  - freetype >=2.14.3
  license: GPL-2.0-only OR FTL
  run_exports: {}
  size: 387671
  timestamp: 1786641006460
- conda: https://conda.anaconda.org/conda-forge/linux-64/libgcc-16.2.0-ha9f2e26_7.conda
  sha256: e031634c3a928f9594eba868bc46ef5230d6571a364a0c63215b06c4563bfcea
  md5: 735629b400b70eeab21a2ba8f5b1c2ce
  depends:
  - __glibc >=2.17,<3.0.a0
  - _openmp_mutex >=4.5
  constrains:
  - libgcc-ng ==16.2.0=*_7
  - libgomp 16.2.0 he0feb66_7
  license: GPL-3.0-only WITH GCC-exception-3.1
  license_family: GPL
  run_exports: {}
  size: 1058444
  timestamp: 1790303109576
- conda: https://conda.anaconda.org/conda-forge/linux-64/libgcc-ng-16.2.0-h69a702a_7.conda
  sha256: 03b54d7008de080a17cc2174b0e4acd6d06e1c981b2eb19846f46d8f59966034
  md5: 2005515ac9340f816fb2ac7e83afe553
  depends:
  - libgcc 16.2.0 ha9f2e26_7
  license: GPL-3.0-only WITH GCC-exception-3.1
  license_family: GPL
  run_exports:
    strong:
    - libgcc
  size: 28616
  timestamp: 1790303114248
- conda: https://conda.anaconda.org/conda-forge/linux-64/libglib-2.90.0-h569388d_0.conda
  sha256: 9e688e046550415c030c3d08ed9a3fd13a51d7bc56295283b858b6c3070bb9f8
  md5: c85e9539551f1fd21104e518d940c244
  depends:
  - libgcc >=15
  - __glibc >=2.17,<3.0.a0
  - libiconv >=1.18,<2.0a0
  - pcre2 >=10.47,<10.48.0a0
  - libffi >=3.7.0,<3.8.0a0
  - libzlib >=1.3.2,<2.0a0
  constrains:
  - glib >2.66
  license: LGPL-2.1-or-later
  run_exports:
    weak:
    - libglib >=2.90.0,<3.0a0
  size: 4819130
  timestamp: 1789478025196
- conda: https://conda.anaconda.org/conda-forge/linux-64/libgomp-16.2.0-he0feb66_7.conda
  sha256: 92a0bb350c7be6a4eedcb4e111c60aefd176018e6b1c009a6e025dbe9bbcd758
  md5: d904c7ddd95e026254b4b80808ee9e12
  depends:
  - __glibc >=2.17,<3.0.a0
  license: GPL-3.0-only WITH GCC-exception-3.1
  license_family: GPL
  run_exports:
    strong:
    - _openmp_mutex >=4.5
  size: 640566
  timestamp: 1790303046034
- conda: https://conda.anaconda.org/conda-forge/linux-64/libharfbuzz-14.6.0-h23af247_1.conda
  sha256: a5af64065d8fb70b77ce4551c9ae022b4f170f11b789249ee6efab3e83fedbe0
  md5: bd7ae146a629d6c17e4be9365d4ec811
  depends:
  - __glibc >=2.17,<3.0.a0
  - cairo >=1.18.6,<2.0a0
  - graphite2 >=1.3.15,<2.0a0
  - icu >=78.3,<79.0a0
  - libfreetype >=2.14.3
  - libfreetype6 >=2.14.3
  - libgcc >=15
  - libglib >=2.90.0,<3.0a0
  - libpng >=1.6.59,<1.7.0a0
  - libstdcxx >=15
  - libzlib >=1.3.2,<2.0a0
  license: MIT
  run_exports: {}
  size: 1465053
  timestamp: 1791336135892
- conda: https://conda.anaconda.org/conda-forge/linux-64/libiconv-1.18-h0cb94f2_3.conda
  sha256: f943117edb9cd4d9c61cc972eee5a34291dc55ea7a6e9e38da104995841cbcb6
  md5: f92233bf33e24a25668bb2119e2c51f9
  depends:
  - __glibc >=2.17,<3.0.a0
  - libgcc >=15
  license: LGPL-2.1-only
  run_exports:
    weak:
    - libiconv >=1.18,<2.0a0
  size: 789471
  timestamp: 1787033836207
- conda: https://conda.anaconda.org/conda-forge/linux-64/libjpeg-turbo-3.2.0-hb03c661_1.conda
  sha256: bba8538e6538ed58a8479b332337b96986561f975d06cfa2039a016c2d246ee4
  md5: 898d1c9793eaa52efc4727bd84d2e39a
  depends:
  - __glibc >=2.17,<3.0.a0
  - libgcc >=14
  constrains:
  - jpeg <0.0.0a
  license: IJG AND BSD-3-Clause AND Zlib
  run_exports:
    weak:
    - libjpeg-turbo >=3.2.0,<4.0a0
  size: 650434
  timestamp: 1785896381946
- conda: https://conda.anaconda.org/conda-forge/linux-64/liblzma-5.8.3-hb03c661_1.conda
  sha256: 9787df8c22a59c9a70d3e5a10db9ad663485e75e9ccc3f09bd092cb7b95e0dab
  md5: 1390b7c5ac0b1d8e447bc5efa6d3c8c2
  depends:
  - __glibc >=2.17,<3.0.a0
  - libgcc >=14
  constrains:
  - xz 5.8.3.*
  license: 0BSD
  run_exports:
    weak:
    - liblzma >=5.8.3,<6.0a0
  size: 112995
  timestamp: 1786348617826
- conda: https://conda.anaconda.org/conda-forge/linux-64/libmpdec-4.0.0-hb03c661_2.conda
  sha256: 46820b4a835e175940ae20bec00fdddaff804cda27a1408ab1b95e77a2196437
  md5: fcfed1dc5053eb1901b66e7b1fc32588
  depends:
  - __glibc >=2.17,<3.0.a0
  - libgcc >=14
  license: BSD-2-Clause
  license_family: BSD
  run_exports: {}
  size: 92759
  timestamp: 1786650399772
- conda: https://conda.anaconda.org/conda-forge/linux-64/libnghttp2-1.68.1-h74cf4be_1.conda
  sha256: 11a2f54a6f391e25738bce0023e6ef499600147bbcf21c1fa69d2e251b03cc6a
  md5: 75d211f04ac87506f1f43420712a69fe
  depends:
  - __glibc >=2.17,<3.0.a0
  - c-ares >=1.34.8,<2.0a0
  - libev >=4.33,<4.34.0a0
  - libev >=4.33,<5.0a0
  - libgcc >=15
  - libstdcxx >=15
  - libzlib >=1.3.2,<2.0a0
  - openssl >=3.5.7,<4.0a0
  license: MIT
  license_family: MIT
  run_exports:
    weak:
    - libnghttp2 >=1.68.1,<2.0a0
  size: 649974
  timestamp: 1787177490105
- conda: https://conda.anaconda.org/conda-forge/linux-64/libpng-1.6.59-h922cc85_0.conda
  sha256: c7381be8ef713501f6cd2f5ad473e401f2edeaec3c46788296b8dbf0de165e15
  md5: 8c9caf742a485ac688ffa88bbadbf0be
  depends:
  - __glibc >=2.17,<3.0.a0
  - libgcc >=15
  - libzlib >=1.3.2,<2.0a0
  license: zlib-acknowledgement
  run_exports:
    weak:
    - libpng >=1.6.59,<1.7.0a0
  size: 316872
  timestamp: 1790805159503
- conda: https://conda.anaconda.org/conda-forge/linux-64/libpsl-0.23.1-hd9e3e90_1.conda
  sha256: 09e8effdc89bc5d021349318d32b85594f5b8d8e3ab8f90a85b81f8fe695a566
  md5: 77be60417aa572afcb48cbe0f967401d
  depends:
  - libstdcxx >=15
  - libgcc >=15
  - __glibc >=2.17,<3.0.a0
  - icu >=78.3,<79.0a0
  license: MIT
  license_family: MIT
  run_exports:
    weak:
    - libpsl >=0.23.1,<0.24.0a0
  size: 72519
  timestamp: 1786970753847
- conda: https://conda.anaconda.org/conda-forge/linux-64/libpython-3.13.16-hdc7f604_101_cp313.conda
  build_number: 101
  sha256: 7a01347dfc0d99c6592010fc278500ab12fc852d902f35beca69608c5f1282d5
  md5: 6c9b3aaaa24997d37c5e193cfdca3938
  depends:
  - __glibc >=2.17,<3.0.a0
  - libgcc >=15
  - libstdcxx >=15
  license: Python-2.0
  run_exports:
    weak:
    - libpython >=3.13,<4.0a0
  size: 9718885
  timestamp: 1791334276485
- conda: https://conda.anaconda.org/conda-forge/linux-64/librsvg-2.62.4-ha427ee3_0.conda
  sha256: b8036adad17ceddcef416790131492fd236d34c64a0b2754934903087fa84279
  md5: f9bda2728debbde4c641bd1af103c623
  depends:
  - libgcc >=15
  - __glibc >=2.17,<3.0.a0
  - libglib >=2.90.0,<3.0a0
  - pango >=1.58.2,<2.0a0
  - fontconfig >=2.18.3,<3.0a0
  - fonts-conda-ecosystem
  - libxml2-16 >=2.15.4
  - cairo >=1.18.6,<2.0a0
  - libharfbuzz >=14.5.0
  - gdk-pixbuf >=2.44.8,<3.0a0
  constrains:
  - __glibc >=2.17
  license: LGPL-2.1-or-later
  run_exports:
    weak:
    - librsvg >=2.62.4,<3.0a0
  size: 4692221
  timestamp: 1790276295756
- conda: https://conda.anaconda.org/conda-forge/linux-64/libsqlite-3.53.4-h0737f62_102.conda
  sha256: 0f6e60634de2b55da15772fe65485965fd9b61afcce0d749c1446f625babba30
  md5: 59ec6dc9fa87a6687c00969d4dcfcd97
  depends:
  - __glibc >=2.17,<3.0.a0
  - libgcc >=15
  - libzlib >=1.3.2,<2.0a0
  license: blessing
  run_exports:
    weak:
    - libsqlite >=3.53.4,<4.0a0
  size: 969522
  timestamp: 1791167270446
- conda: https://conda.anaconda.org/conda-forge/linux-64/libssh2-1.11.1-h6154650_1.conda
  sha256: 7e463000fa1cba3f3a6597b776f6ab301d425a96e3bc20d0d9d76a3b9f237aa3
  md5: 5c526561e1d2a2e071941174eae84557
  depends:
  - __glibc >=2.17,<3.0.a0
  - libgcc >=14
  - libzlib >=1.3.2,<2.0a0
  - openssl >=3.5.7,<4.0a0
  license: BSD-3-Clause
  license_family: BSD
  run_exports:
    weak:
    - libssh2 >=1.11.1,<2.0a0
  size: 306045
  timestamp: 1786713107897
- conda: https://conda.anaconda.org/conda-forge/linux-64/libstdcxx-16.2.0-h934c35e_7.conda
  sha256: fa7018298629fc429971fffd6ecba3d27a7b02e4e890d6a93ea01ffebe8cb745
  md5: 9b6707e0caca917fa6ea9ee473f37a5d
  depends:
  - __glibc >=2.17,<3.0.a0
  - libgcc 16.2.0 ha9f2e26_7
  constrains:
  - libstdcxx-ng ==16.2.0=*_7
  license: GPL-3.0-only WITH GCC-exception-3.1
  license_family: GPL
  run_exports: {}
  size: 6615436
  timestamp: 1790303132935
- conda: https://conda.anaconda.org/conda-forge/linux-64/libtiff-4.7.2-hcc2c06a_1.conda
  sha256: 10e125da82ca93e09191e66e5a94d566b2cf8d4024e2a0db3a9114297447e0d9
  md5: 0907d876f460ebc941ae590338b6102f
  depends:
  - __glibc >=2.17,<3.0.a0
  - lerc >=4.2.0,<5.0a0
  - libdeflate >=1.25,<1.26.0a0
  - libgcc >=15
  - libjpeg-turbo >=3.2.0,<4.0a0
  - liblzma >=5.8.3,<6.0a0
  - libstdcxx >=15
  - libwebp-base >=1.6.0,<2.0a0
  - libzlib >=1.3.2,<2.0a0
  - zstd >=1.5.7,<1.6.0a0
  license: HPND
  run_exports:
    weak:
    - libtiff >=4.7.2,<4.8.0a0
  size: 459753
  timestamp: 1787755584172
- conda: https://conda.anaconda.org/conda-forge/linux-64/libuuid-2.42.4-hcfc3c73_0.conda
  sha256: f34b8d1de9a2bf62476d8608057d9b8a918d97444236dc53a47128f2fae79041
  md5: 54a948337e66706380ff24d6b5fde63f
  depends:
  - libgcc >=15
  - __glibc >=2.17,<3.0.a0
  license: BSD-3-Clause
  license_family: BSD
  run_exports:
    weak:
    - libuuid >=2.42.4,<3.0a0
  size: 34442
  timestamp: 1790121449161
- conda: https://conda.anaconda.org/conda-forge/linux-64/libwebp-base-1.6.0-hd42ef1d_1.conda
  sha256: 8415001414f488c85b72b9d8cc2071dfb3981a47bc3c8eb56ef91a57d12eae7f
  md5: 9332b53d0ea93c5d39e33be03a0c611a
  depends:
  - __glibc >=2.17,<3.0.a0
  - libgcc >=14
  constrains:
  - libwebp 1.6.0
  license: BSD-3-Clause
  license_family: BSD
  run_exports:
    weak:
    - libwebp-base >=1.6.0,<2.0a0
  size: 428430
  timestamp: 1785954557217
- conda: https://conda.anaconda.org/conda-forge/linux-64/libxcb-1.17.0-hb83e432_2.conda
  sha256: 7b49e6fd2a584b7f072943e6adf4149677af5121246975278804782d37752837
  md5: 61f0ffba9161cbb3a77722869b21e4bb
  depends:
  - __glibc >=2.17,<3.0.a0
  - libgcc >=15
  - pthread-stubs
  - xorg-libxau >=1.0.12,<2.0a0
  - xorg-libxdmcp >=1.1.5,<2.0a0
  license: MIT
  license_family: MIT
  run_exports:
    weak:
    - libxcb >=1.17.0,<2.0a0
  size: 395120
  timestamp: 1787885788278
- conda: https://conda.anaconda.org/conda-forge/linux-64/libxcrypt-4.4.38-h280c20c_0.conda
  sha256: f7e9292dd219a6435bbb1223da9586c3e70d66d169c5a92f08db3f2127df04e9
  md5: f7a7ff5a6ab331e037abd34f379a631d
  depends:
  - libgcc >=14
  - __glibc >=2.17,<3.0.a0
  license: LGPL-2.1-or-later
  run_exports:
    weak:
    - libxcrypt >=4.4.38
  size: 101957
  timestamp: 1785887123445
- conda: https://conda.anaconda.org/conda-forge/linux-64/libxml2-16-2.15.4-hf3af7cc_0.conda
  sha256: 9a1685c8d8b8488cd7882a9cd6e673e687211ca763ebbcd1e91b6f594eeadc45
  md5: b7545c57a73a51d72aa6eee5695cf051
  depends:
  - __glibc >=2.17,<3.0.a0
  - icu >=78.3,<79.0a0
  - libgcc >=15
  - libiconv >=1.18,<2.0a0
  - liblzma >=5.8.3,<6.0a0
  - libzlib >=1.3.2,<2.0a0
  constrains:
  - libxml2 2.15.4
  license: MIT
  license_family: MIT
  run_exports: {}
  size: 569196
  timestamp: 1788635197456
- conda: https://conda.anaconda.org/conda-forge/linux-64/libzlib-1.3.2-h25fd6f3_3.conda
  sha256: eb8a0db0aa570124f7d2a93d7c7f596e3390df5e047818d873baad32985fc736
  md5: 0de0122d9570a8ab637c6b73db268389
  depends:
  - __glibc >=2.17,<3.0.a0
  constrains:
  - zlib 1.3.2 *_3
  license: Zlib
  license_family: Other
  run_exports:
    weak:
    - libzlib >=1.3.2,<2.0a0
  size: 63713
  timestamp: 1785362952714
- conda: https://conda.anaconda.org/conda-forge/linux-64/make-4.4.1-hb03c661_3.conda
  sha256: 4c65d2769847778a6d84db6984ac81bcec6f8958d349f1fe57ae040ccc56a801
  md5: b4a198dc40024de2a59c1343e4ae4144
  depends:
  - __glibc >=2.17,<3.0.a0
  - libgcc >=14
  license: GPL-3.0-or-later
  license_family: GPL
  run_exports: {}
  size: 510695
  timestamp: 1785879853297
- conda: https://conda.anaconda.org/conda-forge/linux-64/ncurses-6.6-hdb14827_1.conda
  sha256: 5d46557214ed184381dafe835b7c94a474a1c3b307a08a250b1ea4779b44ffb3
  md5: ee6c0cd80a60961a1f48aa3e0b91f986
  depends:
  - __glibc >=2.17,<3.0.a0
  - libgcc >=14
  license: X11 AND BSD-3-Clause
  run_exports:
    weak:
    - ncurses >=6.6,<7.0a0
  size: 911196
  timestamp: 1786355078102
- conda: https://conda.anaconda.org/conda-forge/linux-64/openssl-3.6.5-h781a0a9_0.conda
  sha256: 9c1533f1cf784f0e250919c0c9762d0b0e6bc727a79290ffb7cea1ceca1d038c
  md5: 5a51a2ea653f120240b1a9bf76e0aae9
  depends:
  - __glibc >=2.17,<3.0.a0
  - ca-certificates
  - libgcc >=15
  license: Apache-2.0
  license_family: Apache
  run_exports:
    weak:
    - openssl >=3.6.5,<4.0a0
  size: 3195299
  timestamp: 1791098052301
- conda: https://conda.anaconda.org/conda-forge/linux-64/pango-1.58.2-h7bb47b9_1.conda
  sha256: 47c3d25a0bdb0ae50627f9ef2a10345fabfabe0e6620cbcff04e589a644542d3
  md5: 0b889b1c6b472d215d6332c6b195589c
  depends:
  - __glibc >=2.17,<3.0.a0
  - cairo >=1.18.4,<2.0a0
  - fontconfig >=2.18.3,<3.0a0
  - fonts-conda-ecosystem
  - fribidi >=1.0.16,<2.0a0
  - libexpat >=2.8.1,<3.0a0
  - libfreetype >=2.14.3
  - libfreetype6 >=2.14.3
  - libgcc >=15
  - libglib >=2.88.3,<3.0a0
  - libharfbuzz >=14.4.0
  - libpng >=1.6.58,<1.7.0a0
  - libzlib >=1.3.2,<2.0a0
  license: LGPL-2.1-or-later
  run_exports:
    weak:
    - pango >=1.58.2,<2.0a0
  size: 471814
  timestamp: 1788490377724
- conda: https://conda.anaconda.org/conda-forge/linux-64/pcre2-10.47-h8b3dc9c_1.conda
  sha256: 9ebb10a4eb3be51ae67d85c679f5a7a50cb040ed25c783e6331a225ea09991d4
  md5: 06f6113cf1ff4a54b65f87ead132a5f1
  depends:
  - __glibc >=2.17,<3.0.a0
  - bzip2 >=1.0.8,<2.0a0
  - libgcc >=15
  - libzlib >=1.3.2,<2.0a0
  license: BSD-3-Clause
  license_family: BSD
  run_exports:
    weak:
    - pcre2 >=10.47,<10.48.0a0
  size: 1218833
  timestamp: 1787294571916
- conda: https://conda.anaconda.org/conda-forge/linux-64/perl-5.44.0-1_h7cc23a3_perl5.conda
  build_number: 1
  sha256: 43afad1c27c24ccc40d98461ab7e1648ccac876421a8783167861ae19c4edc83
  md5: 474944e9c978cc84911f1c1f9eaa8bb2
  depends:
  - __glibc >=2.17,<3.0.a0
  - libgcc >=15
  - libxcrypt >=4.4.38
  license: GPL-1.0-or-later OR Artistic-1.0-Perl
  run_exports:
    weak:
    - perl >=5.44.0,<5.45.0a0
    noarch:
    - perl >=5.44.0,<6.0a0
  size: 11438995
  timestamp: 1790621296165
- conda: https://conda.anaconda.org/conda-forge/linux-64/pixman-0.46.4-h54a6638_3.conda
  sha256: 829d8288764282de5a9f7b9169acb75cc7dc0b6c3fe2535cfe87dea3436bbc5d
  md5: 0ee5bb30034b081a1386c1e2c98ab0a7
  depends:
  - libstdcxx >=14
  - libgcc >=14
  - __glibc >=2.17,<3.0.a0
  license: MIT
  license_family: MIT
  run_exports:
    weak:
    - pixman >=0.46.4,<1.0a0
  size: 376704
  timestamp: 1786106621354
- conda: https://conda.anaconda.org/conda-forge/linux-64/pthread-stubs-0.4-h7cc23a3_1004.conda
  sha256: 4a44fd00ea73b79ca2c89b0727b9ccf61c506ead71e67a9abfa4c590042b5a4a
  md5: bb66b610707b811e3c65181a6431e7a8
  depends:
  - __glibc >=2.17,<3.0.a0
  - libgcc >=15
  license: MIT
  license_family: MIT
  run_exports: {}
  size: 9630
  timestamp: 1788381877753
- conda: https://conda.anaconda.org/conda-forge/linux-64/python-3.13.16-hf47f18c_101_cp313.conda
  build_number: 101
  sha256: 914ce0022ee08951329ce85d8a35f55fa11e74239568bca6102375d630ca9e61
  md5: 85450b9eb16e2b58d2cae71600e6fbde
  depends:
  - __glibc >=2.17,<3.0.a0
  - bzip2 >=1.0.8,<2.0a0
  - ld_impl_linux-64 >=2.36.1
  - libexpat >=2.8.5,<3.0a0
  - libffi >=3.7.0,<3.8.0a0
  - libgcc >=15
  - liblzma >=5.8.3,<6.0a0
  - libmpdec >=4.0.0,<5.0a0
  - libpython 3.13.16 hdc7f604_101_cp313
  - libsqlite >=3.53.4,<4.0a0
  - libuuid >=2.42.4,<3.0a0
  - libzlib >=1.3.2,<2.0a0
  - ncurses >=6.6,<7.0a0
  - openssl >=3.5.9,<4.0a0
  - python_abi 3.13.* *_cp313
  - readline >=8.3,<9.0a0
  - tk >=8.6.13,<8.7.0a0
  - tzdata
  license: Python-2.0
  run_exports:
    weak:
    - python_abi 3.13.* *_cp313
    noarch:
    - python
  size: 24430407
  timestamp: 1791334320130
  python_site_packages_path: lib/python3.13/site-packages
- conda: https://conda.anaconda.org/conda-forge/linux-64/readline-8.3-hd6e31c0_1.conda
  sha256: 01b3fe073a66e321970d09e04b388708f8cbdca5cdfbfcb7c9eeb470ad10383d
  md5: 69c01c781e7c8190bbdaf79e3848c5ca
  depends:
  - __glibc >=2.17,<3.0.a0
  - libgcc >=15
  - ncurses >=6.6,<7.0a0
  license: GPL-3.0-only
  license_family: GPL
  run_exports:
    weak:
    - readline >=8.3,<9.0a0
  size: 348899
  timestamp: 1787033801506
- conda: https://conda.anaconda.org/conda-forge/linux-64/tk-8.6.13-noxft_h1df4ec4_4.conda
  build_number: 104
  sha256: a1a241d172c1ccab067ba245206dd048bc3c2d1b84504b53c9468e99adfc16a1
  md5: 676a2f9b1c4fcf57b70aa5c65f6c60d0
  depends:
  - libgcc >=15
  - __glibc >=2.17,<3.0.a0
  - libzlib >=1.3.2,<2.0a0
  constrains:
  - xorg-libx11 >=1.8.13,<2.0a0
  license: TCL
  run_exports:
    weak:
    - tk >=8.6.13,<8.7.0a0
  size: 3566806
  timestamp: 1787272857910
- conda: https://conda.anaconda.org/conda-forge/linux-64/xorg-libice-1.1.2-h280c20c_0.conda
  sha256: 49b532d1df875c6749d9078b56a76f3f5db49a5abe0ca620b593ed474ef0ebf1
  md5: 85c9442aec283b4e464fa9ecc484a2f3
  depends:
  - libgcc >=14
  - __glibc >=2.17,<3.0.a0
  license: MIT
  license_family: MIT
  run_exports:
    weak:
    - xorg-libice >=1.1.2,<2.0a0
  size: 62517
  timestamp: 1786474410404
- conda: https://conda.anaconda.org/conda-forge/linux-64/xorg-libsm-1.2.6-h0d788c3_1.conda
  sha256: ef907caee0665cf3b0f775602cc50e388e3bade8ce22ecade0873ff26604b2fd
  md5: aa7459ed9ad086ba11dda843d764b33d
  depends:
  - __glibc >=2.17,<3.0.a0
  - libgcc >=14
  - xorg-libice >=1.1.2,<2.0a0
  - libuuid >=2.42.2,<3.0a0
  license: MIT
  license_family: MIT
  run_exports:
    weak:
    - xorg-libsm >=1.2.6,<2.0a0
  size: 30739
  timestamp: 1786545374265
- conda: https://conda.anaconda.org/conda-forge/linux-64/xorg-libx11-1.8.13-he1eb515_1.conda
  sha256: 68053eebfa9f0d91666786c8fb5839d989aa9b869add92cb8815228bb2d7302c
  md5: 8c282bbe4808a3cc80a5c98e9aec1cfc
  depends:
  - __glibc >=2.17,<3.0.a0
  - libgcc >=14
  - libxcb >=1.17.0,<2.0a0
  license: MIT
  license_family: MIT
  run_exports:
    weak:
    - xorg-libx11 >=1.8.13,<2.0a0
  size: 839578
  timestamp: 1787087012372
- conda: https://conda.anaconda.org/conda-forge/linux-64/xorg-libxau-1.0.12-h7cc23a3_2.conda
  sha256: 3ec065b94554dc48a4ca582a960a5484bc166b26e83ce0954653e08d17e8bd53
  md5: da33efee1a93603d92e06d4a2b68def6
  depends:
  - __glibc >=2.17,<3.0.a0
  - libgcc >=15
  license: MIT
  license_family: MIT
  run_exports:
    weak:
    - xorg-libxau >=1.0.12,<2.0a0
  size: 18793
  timestamp: 1788960512381
- conda: https://conda.anaconda.org/conda-forge/linux-64/xorg-libxdmcp-1.1.5-h7cc23a3_2.conda
  sha256: 8a095df9bc1d2e50f2504ce8858a047ae29ea634aad6cc0b43298c63361da6d9
  md5: eabfc45786244de252090cf8d55128a8
  depends:
  - __glibc >=2.17,<3.0.a0
  - libgcc >=15
  license: MIT
  license_family: MIT
  run_exports:
    weak:
    - xorg-libxdmcp >=1.1.5,<2.0a0
  size: 22606
  timestamp: 1789676943335
- conda: https://conda.anaconda.org/conda-forge/linux-64/xorg-libxext-1.3.7-h7cc23a3_1.conda
  sha256: aa9bbe8b278aacc194e280ff5037f9f9a1f2c5b33ed97de8e7f01cfbe90dda43
  md5: e5b6b28536b81b3f4cb20db4668a4642
  depends:
  - __glibc >=2.17,<3.0.a0
  - libgcc >=15
  - xorg-libx11 >=1.8.13,<2.0a0
  license: MIT
  license_family: MIT
  run_exports:
    weak:
    - xorg-libxext >=1.3.7,<2.0a0
  size: 53124
  timestamp: 1787100841900
- conda: https://conda.anaconda.org/conda-forge/linux-64/xorg-libxrender-0.9.12-hb03c661_1.conda
  sha256: 6901f91d398811e4ec89d7e20a69abac02a7bfebfaf073338b7ea3d1a99685b7
  md5: e470d224a7a5be1b1d021bded7abb536
  depends:
  - __glibc >=2.17,<3.0.a0
  - libgcc >=14
  - xorg-libx11 >=1.8.13,<2.0a0
  license: MIT
  license_family: MIT
  run_exports:
    weak:
    - xorg-libxrender >=0.9.12,<0.10.0a0
  size: 34645
  timestamp: 1787100191192
- conda: https://conda.anaconda.org/conda-forge/linux-64/zstd-1.5.7-hb78ec9c_7.conda
  sha256: 47d682b9f6d6ec9eb1a6e6c3e75ea6273e899e78fb7fc59f81d39745009fbc60
  md5: aa459086047c0e5e27023ab19f8cb86a
  depends:
  - __glibc >=2.17,<3.0.a0
  - libzlib >=1.3.2,<2.0a0
  license: BSD-3-Clause
  license_family: BSD
  run_exports:
    weak:
    - zstd >=1.5.7,<1.6.0a0
  size: 601301
  timestamp: 1786599621503
- conda: https://conda.anaconda.org/conda-forge/noarch/ca-certificates-2026.7.22-hbd8a1cb_0.conda
  sha256: 0a0544cf95f64394fe4959286f5c71f5444ad58feb0602e53becb27448d24da6
  md5: 0f51e2391ade309db462a55611263e9c
  depends:
  - __unix
  license: ISC
  run_exports: {}
  size: 131780
  timestamp: 1784754889428
- conda: https://conda.anaconda.org/conda-forge/noarch/font-ttf-dejavu-2.37-hd8ed1ab_1.tar.bz2
  sha256: d4f939d9559104e07de895eec70df7e6a891ec135412a7cd2083242eb4fc4d11
  md5: 4ecf455d267726fb1e27b1e1365337e8
  license: BSD-3-Clause
  license_family: BSD
  run_exports: {}
  size: 5209313
  timestamp: 1646734561756
- conda: https://conda.anaconda.org/conda-forge/noarch/font-ttf-dejavu-sans-mono-2.37-hab24e00_0.tar.bz2
  sha256: 58d7f40d2940dd0a8aa28651239adbf5613254df0f75789919c4e6762054403b
  md5: 0c96522c6bdaed4b1566d11387caaf45
  license: BSD-3-Clause
  license_family: BSD
  run_exports: {}
  size: 397370
  timestamp: 1566932522327
- conda: https://conda.anaconda.org/conda-forge/noarch/font-ttf-inconsolata-3.000-h77eed37_0.tar.bz2
  sha256: c52a29fdac682c20d252facc50f01e7c2e7ceac52aa9817aaf0bb83f7559ec5c
  md5: 34893075a5c9e55cdafac56607368fc6
  license: OFL-1.1
  license_family: Other
  run_exports: {}
  size: 96530
  timestamp: 1620479909603
- conda: https://conda.anaconda.org/conda-forge/noarch/font-ttf-source-code-pro-2.038-h77eed37_0.tar.bz2
  sha256: 00925c8c055a2275614b4d983e1df637245e19058d79fc7dd1a93b8d9fb4b139
  md5: 4d59c254e01d9cde7957100457e2d5fb
  license: OFL-1.1
  license_family: Other
  run_exports: {}
  size: 700814
  timestamp: 1620479612257
- conda: https://conda.anaconda.org/conda-forge/noarch/font-ttf-ubuntu-0.83-h77eed37_3.conda
  sha256: 2821ec1dc454bd8b9a31d0ed22a7ce22422c0aef163c59f49dfdf915d0f0ca14
  md5: 49023d73832ef61042f6a237cb2687e7
  license: LicenseRef-Ubuntu-Font-Licence-Version-1.0
  license_family: Other
  run_exports: {}
  size: 1620504
  timestamp: 1727511233259
- conda: https://conda.anaconda.org/conda-forge/noarch/fonts-conda-ecosystem-1-0.tar.bz2
  sha256: a997f2f1921bb9c9d76e6fa2f6b408b7fa549edd349a77639c9fe7a23ea93e61
  md5: fee5683a3f04bd15cbd8318b096a27ab
  depends:
  - fonts-conda-forge
  license: BSD-3-Clause
  license_family: BSD
  run_exports: {}
  size: 3667
  timestamp: 1566974674465
- conda: https://conda.anaconda.org/conda-forge/noarch/fonts-conda-forge-1-hc364b38_1.conda
  sha256: 54eea8469786bc2291cc40bca5f46438d3e062a399e8f53f013b6a9f50e98333
  md5: a7970cd949a077b7cb9696379d338681
  depends:
  - font-ttf-ubuntu
  - font-ttf-inconsolata
  - font-ttf-dejavu-sans-mono
  - font-ttf-source-code-pro
  license: BSD-3-Clause
  license_family: BSD
  run_exports: {}
  size: 4059
  timestamp: 1762351264405
- conda: https://conda.anaconda.org/conda-forge/noarch/pygments-2.21.0-pyhcf101f3_0.conda
  sha256: f5f015ff1bc3e1b7fc08eee096b1865234189ae0b82bebdb86a5369116e42fa0
  md5: 2882dee445dfa45b0c5afce3ffb7730a
  depends:
  - python >=3.10
  - python
  license: BSD-2-Clause
  license_family: BSD
  run_exports: {}
  size: 959376
  timestamp: 1786995678795
- conda: https://conda.anaconda.org/conda-forge/noarch/pylatexenc-2.11-pyhd8ed1ab_0.conda
  sha256: 1634b3111d62f6eee40ebc54b12d8d9f08234da06ecef53c310addceb648a1d6
  md5: 7143d986bdc488704883b9a669465fea
  depends:
  - python >=3.10
  license: MIT
  license_family: MIT
  run_exports: {}
  size: 106134
  timestamp: 1785940619071
- conda: https://conda.anaconda.org/conda-forge/noarch/python_abi-3.13-9_cp313.conda
  build_number: 9
  sha256: 9dc0cb6a20ebc7e9bcd8c6868f2bec083c114b0ba20b7118405c036533d5c522
  md5: c5abc97af551bc12d71305852392f75c
  constrains:
  - python 3.13.* *_cp313
  license: BSD-3-Clause
  license_family: BSD
  run_exports: {}
  size: 6769
  timestamp: 1788302828005
- conda: https://conda.anaconda.org/conda-forge/noarch/tzdata-2026c-h151e31d_0.conda
  sha256: b928c30ddcb0e3f544c6eade8352737e6e610e263276b90232db6a578ef899d8
  md5: fcb489df604d100968b737f2cb6076c6
  license: LicenseRef-Public-Domain
  run_exports: {}
  size: 118849
  timestamp: 1784250406640
